%{
  "decimal": {:hex, :decimal, "2.1.1", "5611dca5d4b2c3dd497dec8f68751f1f1a54755e8ed2a966c2633cf885973ad6", [:mix], [], "hexpm", "53cfe5f497ed0e7771ae1a475575603d77425099ba5faef9394932b35020ffcc"},
  "elixir_math": {:hex, :elixir_math, "0.1.2", "5655bdf7f34e30906f31cdcf3031b43dd522ce8d2936b60ad4696b2c752bf5c9", [:mix], [], "hexpm", "34f4e4384903097a8ec566784fa8e9aa2b741247d225741f07cc48250c2aa64c"},
}
